
Microsoft Visual Studio Solution File, Format Version 12.00
# Visual Studio 14
VisualStudioVersion = 14.0.23107.0
MinimumVisualStudioVersion = 10.0.40219.1
Project("{FAE04EC0-301F-11D3-BF4B-00C04F79EFBC}") = "Asgard.Server", "Asgard.Server\Asgard.Server.csproj", "{B9997944-FC41-4832-91B1-0E8C7F4CECD0}"
EndProject
Project("{2150E333-8FDC-42A3-9474-1A3956D46DE8}") = "Unit Tests", "Unit Tests", "{A2B13F5E-8DB2-478D-A6C9-CC07C32FAA63}"
EndProject
Project("{FAE04EC0-301F-11D3-BF4B-00C04F79EFBC}") = "Asgard.Server.Tests", "Asgard.Server.Tests\Asgard.Server.Tests.csproj", "{BDC9130D-6008-4677-82B4-58294C27DA76}"
EndProject
Project("{2150E333-8FDC-42A3-9474-1A3956D46DE8}") = "Test Harness", "Test Harness", "{A97A89E9-3387-4B07-9C0C-909F0AA9BE09}"
EndProject
Project("{FAE04EC0-301F-11D3-BF4B-00C04F79EFBC}") = "Asgard.Core", "Asgard.Core\Asgard.Core.csproj", "{FF8710C2-03EA-45E2-A413-D207AB553123}"
EndProject
Project("{FAE04EC0-301F-11D3-BF4B-00C04F79EFBC}") = "Asgard.Client", "Asgard.Client\Asgard.Client.csproj", "{C5EF3974-6DEF-4C8C-BFDB-E26FCE8322B1}"
EndProject
Project("{FAE04EC0-301F-11D3-BF4B-00C04F79EFBC}") = "MoveServer", "MoveServer\MoveServer.csproj", "{13C142B2-E079-467B-AB60-6A373FDD2972}"
EndProject
Project("{FAE04EC0-301F-11D3-BF4B-00C04F79EFBC}") = "MoveClient", "MoveClient\MoveClient.csproj", "{91762EB1-D553-459F-A7A7-ED308B5E178E}"
EndProject
Global
	GlobalSection(Performance) = preSolution
		HasPerformanceSessions = true
	EndGlobalSection
	GlobalSection(SolutionConfigurationPlatforms) = preSolution
		Debug|Any CPU = Debug|Any CPU
		Release|Any CPU = Release|Any CPU
	EndGlobalSection
	GlobalSection(ProjectConfigurationPlatforms) = postSolution
		{B9997944-FC41-4832-91B1-0E8C7F4CECD0}.Debug|Any CPU.ActiveCfg = Debug|Any CPU
		{B9997944-FC41-4832-91B1-0E8C7F4CECD0}.Debug|Any CPU.Build.0 = Debug|Any CPU
		{B9997944-FC41-4832-91B1-0E8C7F4CECD0}.Release|Any CPU.ActiveCfg = Release|Any CPU
		{B9997944-FC41-4832-91B1-0E8C7F4CECD0}.Release|Any CPU.Build.0 = Release|Any CPU
		{BDC9130D-6008-4677-82B4-58294C27DA76}.Debug|Any CPU.ActiveCfg = Debug|Any CPU
		{BDC9130D-6008-4677-82B4-58294C27DA76}.Debug|Any CPU.Build.0 = Debug|Any CPU
		{BDC9130D-6008-4677-82B4-58294C27DA76}.Release|Any CPU.ActiveCfg = Release|Any CPU
		{BDC9130D-6008-4677-82B4-58294C27DA76}.Release|Any CPU.Build.0 = Release|Any CPU
		{FF8710C2-03EA-45E2-A413-D207AB553123}.Debug|Any CPU.ActiveCfg = Debug|Any CPU
		{FF8710C2-03EA-45E2-A413-D207AB553123}.Debug|Any CPU.Build.0 = Debug|Any CPU
		{FF8710C2-03EA-45E2-A413-D207AB553123}.Release|Any CPU.ActiveCfg = Release|Any CPU
		{FF8710C2-03EA-45E2-A413-D207AB553123}.Release|Any CPU.Build.0 = Release|Any CPU
		{C5EF3974-6DEF-4C8C-BFDB-E26FCE8322B1}.Debug|Any CPU.ActiveCfg = Debug|Any CPU
		{C5EF3974-6DEF-4C8C-BFDB-E26FCE8322B1}.Debug|Any CPU.Build.0 = Debug|Any CPU
		{C5EF3974-6DEF-4C8C-BFDB-E26FCE8322B1}.Release|Any CPU.ActiveCfg = Release|Any CPU
		{C5EF3974-6DEF-4C8C-BFDB-E26FCE8322B1}.Release|Any CPU.Build.0 = Release|Any CPU
		{13C142B2-E079-467B-AB60-6A373FDD2972}.Debug|Any CPU.ActiveCfg = Debug|Any CPU
		{13C142B2-E079-467B-AB60-6A373FDD2972}.Debug|Any CPU.Build.0 = Debug|Any CPU
		{13C142B2-E079-467B-AB60-6A373FDD2972}.Release|Any CPU.ActiveCfg = Release|Any CPU
		{13C142B2-E079-467B-AB60-6A373FDD2972}.Release|Any CPU.Build.0 = Release|Any CPU
		{91762EB1-D553-459F-A7A7-ED308B5E178E}.Debug|Any CPU.ActiveCfg = Debug|Any CPU
		{91762EB1-D553-459F-A7A7-ED308B5E178E}.Debug|Any CPU.Build.0 = Debug|Any CPU
		{91762EB1-D553-459F-A7A7-ED308B5E178E}.Release|Any CPU.ActiveCfg = Release|Any CPU
		{91762EB1-D553-459F-A7A7-ED308B5E178E}.Release|Any CPU.Build.0 = Release|Any CPU
	EndGlobalSection
	GlobalSection(SolutionProperties) = preSolution
		HideSolutionNode = FALSE
	EndGlobalSection
	GlobalSection(NestedProjects) = preSolution
		{BDC9130D-6008-4677-82B4-58294C27DA76} = {A2B13F5E-8DB2-478D-A6C9-CC07C32FAA63}
		{13C142B2-E079-467B-AB60-6A373FDD2972} = {A97A89E9-3387-4B07-9C0C-909F0AA9BE09}
		{91762EB1-D553-459F-A7A7-ED308B5E178E} = {A97A89E9-3387-4B07-9C0C-909F0AA9BE09}
	EndGlobalSection
EndGlobal
