
Microsoft Visual Studio Solution File, Format Version 12.00
# Visual Studio 14
VisualStudioVersion = 14.0.23107.0
MinimumVisualStudioVersion = 10.0.40219.1
Project("{FAE04EC0-301F-11D3-BF4B-00C04F79EFBC}") = "Asgard.Server", "Asgard.Server\Asgard.Server.csproj", "{B9997944-FC41-4832-91B1-0E8C7F4CECD0}"
EndProject
Project("{2150E333-8FDC-42A3-9474-1A3956D46DE8}") = "Unit Tests", "Unit Tests", "{A2B13F5E-8DB2-478D-A6C9-CC07C32FAA63}"
EndProject
Project("{FAE04EC0-301F-11D3-BF4B-00C04F79EFBC}") = "Asgard.Server.Tests", "Asgard.Server.Tests\Asgard.Server.Tests.csproj", "{BDC9130D-6008-4677-82B4-58294C27DA76}"
EndProject
Project("{2150E333-8FDC-42A3-9474-1A3956D46DE8}") = "Test Harness", "Test Harness", "{A97A89E9-3387-4B07-9C0C-909F0AA9BE09}"
EndProject
Project("{FAE04EC0-301F-11D3-BF4B-00C04F79EFBC}") = "Asgard.Core", "Asgard.Core\Asgard.Core.csproj", "{FF8710C2-03EA-45E2-A413-D207AB553123}"
EndProject
Project("{FAE04EC0-301F-11D3-BF4B-00C04F79EFBC}") = "Asgard.Client", "Asgard.Client\Asgard.Client.csproj", "{C5EF3974-6DEF-4C8C-BFDB-E26FCE8322B1}"
EndProject
Project("{2150E333-8FDC-42A3-9474-1A3956D46DE8}") = "Mono Game", "Mono Game", "{51E74096-B5EE-4F5C-9563-B999E337F754}"
EndProject
Project("{FAE04EC0-301F-11D3-BF4B-00C04F79EFBC}") = "Shared", "Samples\Mono game\Shared\Shared.csproj", "{90795AB8-0ABB-4536-872F-B6C501F1A7A7}"
EndProject
Project("{FAE04EC0-301F-11D3-BF4B-00C04F79EFBC}") = "Mono Server", "Samples\Mono game\Mono Server\Mono Server.csproj", "{45EB1DD2-C8B8-4436-8678-72D8A70D274A}"
EndProject
Project("{FAE04EC0-301F-11D3-BF4B-00C04F79EFBC}") = "Mono Client", "Samples\Mono game\Mono Client\Mono Client.csproj", "{952DFAF4-895F-4B78-824A-A772558620A8}"
EndProject
Global
	GlobalSection(SolutionConfigurationPlatforms) = preSolution
		Debug|Any CPU = Debug|Any CPU
		Debug|x86 = Debug|x86
		Release|Any CPU = Release|Any CPU
		Release|x86 = Release|x86
	EndGlobalSection
	GlobalSection(ProjectConfigurationPlatforms) = postSolution
		{B9997944-FC41-4832-91B1-0E8C7F4CECD0}.Debug|Any CPU.ActiveCfg = Debug|Any CPU
		{B9997944-FC41-4832-91B1-0E8C7F4CECD0}.Debug|Any CPU.Build.0 = Debug|Any CPU
		{B9997944-FC41-4832-91B1-0E8C7F4CECD0}.Debug|x86.ActiveCfg = Debug|Any CPU
		{B9997944-FC41-4832-91B1-0E8C7F4CECD0}.Debug|x86.Build.0 = Debug|Any CPU
		{B9997944-FC41-4832-91B1-0E8C7F4CECD0}.Release|Any CPU.ActiveCfg = Release|Any CPU
		{B9997944-FC41-4832-91B1-0E8C7F4CECD0}.Release|Any CPU.Build.0 = Release|Any CPU
		{B9997944-FC41-4832-91B1-0E8C7F4CECD0}.Release|x86.ActiveCfg = Release|Any CPU
		{B9997944-FC41-4832-91B1-0E8C7F4CECD0}.Release|x86.Build.0 = Release|Any CPU
		{BDC9130D-6008-4677-82B4-58294C27DA76}.Debug|Any CPU.ActiveCfg = Debug|Any CPU
		{BDC9130D-6008-4677-82B4-58294C27DA76}.Debug|Any CPU.Build.0 = Debug|Any CPU
		{BDC9130D-6008-4677-82B4-58294C27DA76}.Debug|x86.ActiveCfg = Debug|Any CPU
		{BDC9130D-6008-4677-82B4-58294C27DA76}.Debug|x86.Build.0 = Debug|Any CPU
		{BDC9130D-6008-4677-82B4-58294C27DA76}.Release|Any CPU.ActiveCfg = Release|Any CPU
		{BDC9130D-6008-4677-82B4-58294C27DA76}.Release|Any CPU.Build.0 = Release|Any CPU
		{BDC9130D-6008-4677-82B4-58294C27DA76}.Release|x86.ActiveCfg = Release|Any CPU
		{BDC9130D-6008-4677-82B4-58294C27DA76}.Release|x86.Build.0 = Release|Any CPU
		{FF8710C2-03EA-45E2-A413-D207AB553123}.Debug|Any CPU.ActiveCfg = Debug|Any CPU
		{FF8710C2-03EA-45E2-A413-D207AB553123}.Debug|Any CPU.Build.0 = Debug|Any CPU
		{FF8710C2-03EA-45E2-A413-D207AB553123}.Debug|x86.ActiveCfg = Debug|Any CPU
		{FF8710C2-03EA-45E2-A413-D207AB553123}.Debug|x86.Build.0 = Debug|Any CPU
		{FF8710C2-03EA-45E2-A413-D207AB553123}.Release|Any CPU.ActiveCfg = Release|Any CPU
		{FF8710C2-03EA-45E2-A413-D207AB553123}.Release|Any CPU.Build.0 = Release|Any CPU
		{FF8710C2-03EA-45E2-A413-D207AB553123}.Release|x86.ActiveCfg = Release|Any CPU
		{FF8710C2-03EA-45E2-A413-D207AB553123}.Release|x86.Build.0 = Release|Any CPU
		{C5EF3974-6DEF-4C8C-BFDB-E26FCE8322B1}.Debug|Any CPU.ActiveCfg = Debug|Any CPU
		{C5EF3974-6DEF-4C8C-BFDB-E26FCE8322B1}.Debug|Any CPU.Build.0 = Debug|Any CPU
		{C5EF3974-6DEF-4C8C-BFDB-E26FCE8322B1}.Debug|x86.ActiveCfg = Debug|Any CPU
		{C5EF3974-6DEF-4C8C-BFDB-E26FCE8322B1}.Debug|x86.Build.0 = Debug|Any CPU
		{C5EF3974-6DEF-4C8C-BFDB-E26FCE8322B1}.Release|Any CPU.ActiveCfg = Release|Any CPU
		{C5EF3974-6DEF-4C8C-BFDB-E26FCE8322B1}.Release|Any CPU.Build.0 = Release|Any CPU
		{C5EF3974-6DEF-4C8C-BFDB-E26FCE8322B1}.Release|x86.ActiveCfg = Release|Any CPU
		{C5EF3974-6DEF-4C8C-BFDB-E26FCE8322B1}.Release|x86.Build.0 = Release|Any CPU
		{90795AB8-0ABB-4536-872F-B6C501F1A7A7}.Debug|Any CPU.ActiveCfg = Debug|Any CPU
		{90795AB8-0ABB-4536-872F-B6C501F1A7A7}.Debug|Any CPU.Build.0 = Debug|Any CPU
		{90795AB8-0ABB-4536-872F-B6C501F1A7A7}.Debug|x86.ActiveCfg = Debug|Any CPU
		{90795AB8-0ABB-4536-872F-B6C501F1A7A7}.Debug|x86.Build.0 = Debug|Any CPU
		{90795AB8-0ABB-4536-872F-B6C501F1A7A7}.Release|Any CPU.ActiveCfg = Release|Any CPU
		{90795AB8-0ABB-4536-872F-B6C501F1A7A7}.Release|Any CPU.Build.0 = Release|Any CPU
		{90795AB8-0ABB-4536-872F-B6C501F1A7A7}.Release|x86.ActiveCfg = Release|Any CPU
		{90795AB8-0ABB-4536-872F-B6C501F1A7A7}.Release|x86.Build.0 = Release|Any CPU
		{45EB1DD2-C8B8-4436-8678-72D8A70D274A}.Debug|Any CPU.ActiveCfg = Debug|x86
		{45EB1DD2-C8B8-4436-8678-72D8A70D274A}.Debug|Any CPU.Build.0 = Debug|x86
		{45EB1DD2-C8B8-4436-8678-72D8A70D274A}.Debug|x86.ActiveCfg = Debug|x86
		{45EB1DD2-C8B8-4436-8678-72D8A70D274A}.Debug|x86.Build.0 = Debug|x86
		{45EB1DD2-C8B8-4436-8678-72D8A70D274A}.Release|Any CPU.ActiveCfg = Release|x86
		{45EB1DD2-C8B8-4436-8678-72D8A70D274A}.Release|Any CPU.Build.0 = Release|x86
		{45EB1DD2-C8B8-4436-8678-72D8A70D274A}.Release|x86.ActiveCfg = Release|x86
		{45EB1DD2-C8B8-4436-8678-72D8A70D274A}.Release|x86.Build.0 = Release|x86
		{952DFAF4-895F-4B78-824A-A772558620A8}.Debug|Any CPU.ActiveCfg = Debug|x86
		{952DFAF4-895F-4B78-824A-A772558620A8}.Debug|Any CPU.Build.0 = Debug|x86
		{952DFAF4-895F-4B78-824A-A772558620A8}.Debug|x86.ActiveCfg = Debug|x86
		{952DFAF4-895F-4B78-824A-A772558620A8}.Debug|x86.Build.0 = Debug|x86
		{952DFAF4-895F-4B78-824A-A772558620A8}.Release|Any CPU.ActiveCfg = Release|x86
		{952DFAF4-895F-4B78-824A-A772558620A8}.Release|Any CPU.Build.0 = Release|x86
		{952DFAF4-895F-4B78-824A-A772558620A8}.Release|x86.ActiveCfg = Release|x86
		{952DFAF4-895F-4B78-824A-A772558620A8}.Release|x86.Build.0 = Release|x86
	EndGlobalSection
	GlobalSection(SolutionProperties) = preSolution
		HideSolutionNode = FALSE
	EndGlobalSection
	GlobalSection(NestedProjects) = preSolution
		{BDC9130D-6008-4677-82B4-58294C27DA76} = {A2B13F5E-8DB2-478D-A6C9-CC07C32FAA63}
		{51E74096-B5EE-4F5C-9563-B999E337F754} = {A97A89E9-3387-4B07-9C0C-909F0AA9BE09}
		{90795AB8-0ABB-4536-872F-B6C501F1A7A7} = {51E74096-B5EE-4F5C-9563-B999E337F754}
		{45EB1DD2-C8B8-4436-8678-72D8A70D274A} = {51E74096-B5EE-4F5C-9563-B999E337F754}
		{952DFAF4-895F-4B78-824A-A772558620A8} = {51E74096-B5EE-4F5C-9563-B999E337F754}
	EndGlobalSection
EndGlobal
